
Microsoft Visual Studio Solution File, Format Version 12.00
# Visual Studio Version 17
VisualStudioVersion = 17.11.35219.272
MinimumVisualStudioVersion = 10.0.40219.1
Project("{9A19103F-16F7-4668-BE54-9A1E7A4F7556}") = "Core.Persistence", "Core.Persistence\Core.Persistence.csproj", "{8A18564C-FF32-4BF6-B04D-CD69C3028F89}"
EndProject
Project("{9A19103F-16F7-4668-BE54-9A1E7A4F7556}") = "Core.Application", "Core.Application\Core.Application.csproj", "{D460A26B-3011-41B2-84F0-B60A3713C92C}"
EndProject
Project("{FAE04EC0-301F-11D3-BF4B-00C04F79EFBC}") = "Core.CrossCuttingConcerns", "Core.CrossCuttingConcerns\Core.CrossCuttingConcerns.csproj", "{0CB9D8F8-A6F1-4452-8E59-201A162AC039}"
EndProject
Global
	GlobalSection(SolutionConfigurationPlatforms) = preSolution
		Debug|Any CPU = Debug|Any CPU
		Release|Any CPU = Release|Any CPU
	EndGlobalSection
	GlobalSection(ProjectConfigurationPlatforms) = postSolution
		{8A18564C-FF32-4BF6-B04D-CD69C3028F89}.Debug|Any CPU.ActiveCfg = Debug|Any CPU
		{8A18564C-FF32-4BF6-B04D-CD69C3028F89}.Debug|Any CPU.Build.0 = Debug|Any CPU
		{8A18564C-FF32-4BF6-B04D-CD69C3028F89}.Release|Any CPU.ActiveCfg = Release|Any CPU
		{8A18564C-FF32-4BF6-B04D-CD69C3028F89}.Release|Any CPU.Build.0 = Release|Any CPU
		{D460A26B-3011-41B2-84F0-B60A3713C92C}.Debug|Any CPU.ActiveCfg = Debug|Any CPU
		{D460A26B-3011-41B2-84F0-B60A3713C92C}.Debug|Any CPU.Build.0 = Debug|Any CPU
		{D460A26B-3011-41B2-84F0-B60A3713C92C}.Release|Any CPU.ActiveCfg = Release|Any CPU
		{D460A26B-3011-41B2-84F0-B60A3713C92C}.Release|Any CPU.Build.0 = Release|Any CPU
		{0CB9D8F8-A6F1-4452-8E59-201A162AC039}.Debug|Any CPU.ActiveCfg = Debug|Any CPU
		{0CB9D8F8-A6F1-4452-8E59-201A162AC039}.Debug|Any CPU.Build.0 = Debug|Any CPU
		{0CB9D8F8-A6F1-4452-8E59-201A162AC039}.Release|Any CPU.ActiveCfg = Release|Any CPU
		{0CB9D8F8-A6F1-4452-8E59-201A162AC039}.Release|Any CPU.Build.0 = Release|Any CPU
	EndGlobalSection
	GlobalSection(SolutionProperties) = preSolution
		HideSolutionNode = FALSE
	EndGlobalSection
	GlobalSection(ExtensibilityGlobals) = postSolution
		SolutionGuid = {528D1FC1-5502-4CEF-8961-C16B47ED58E3}
	EndGlobalSection
EndGlobal
